
Microsoft Visual Studio Solution File, Format Version 12.00
# Visual Studio Version 17
VisualStudioVersion = 17.3.32901.215
MinimumVisualStudioVersion = 10.0.40219.1
Project("{8BC9CEB8-8B4A-11D0-8D11-00A0C91BC942}") = "disegnaLampadine", "disegnaLampadine\disegnaLampadine.vcxproj", "{DC1FEF9E-61CA-4C87-B1AB-C639AD077706}"
EndProject
Global
	GlobalSection(SolutionConfigurationPlatforms) = preSolution
		Debug|x64 = Debug|x64
		Debug|x86 = Debug|x86
		Release|x64 = Release|x64
		Release|x86 = Release|x86
	EndGlobalSection
	GlobalSection(ProjectConfigurationPlatforms) = postSolution
		{DC1FEF9E-61CA-4C87-B1AB-C639AD077706}.Debug|x64.ActiveCfg = Debug|x64
		{DC1FEF9E-61CA-4C87-B1AB-C639AD077706}.Debug|x64.Build.0 = Debug|x64
		{DC1FEF9E-61CA-4C87-B1AB-C639AD077706}.Debug|x86.ActiveCfg = Debug|Win32
		{DC1FEF9E-61CA-4C87-B1AB-C639AD077706}.Debug|x86.Build.0 = Debug|Win32
		{DC1FEF9E-61CA-4C87-B1AB-C639AD077706}.Release|x64.ActiveCfg = Release|x64
		{DC1FEF9E-61CA-4C87-B1AB-C639AD077706}.Release|x64.Build.0 = Release|x64
		{DC1FEF9E-61CA-4C87-B1AB-C639AD077706}.Release|x86.ActiveCfg = Release|Win32
		{DC1FEF9E-61CA-4C87-B1AB-C639AD077706}.Release|x86.Build.0 = Release|Win32
	EndGlobalSection
	GlobalSection(SolutionProperties) = preSolution
		HideSolutionNode = FALSE
	EndGlobalSection
	GlobalSection(ExtensibilityGlobals) = postSolution
		SolutionGuid = {F9F18E33-54FA-4767-8AD9-E9AB6D93E926}
	EndGlobalSection
EndGlobal
